{
  "name": "公共管理科研",
  "lockfileVersion": 3,
  "requires": true,
  "packages": {
    "": {
      "dependencies": {
        "@anthropic-ai/claude-code-win32-x64": "^2.1.170"
      }
    },
    "node_modules/@anthropic-ai/claude-code-win32-x64": {
      "version": "2.1.170",
      "resolved": "https://registry.npmjs.org/@anthropic-ai/claude-code-win32-x64/-/claude-code-win32-x64-2.1.170.tgz",
      "integrity": "sha512-wUcLJQuxirInc9mOqIY/z9i7eXxJFy7ShXtN+PZJpZRJJR8Evbx2ZbBwT/zcUNN1nyhHao34gwLp6LXHd3G9lg==",
      "cpu": [
        "x64"
      ],
      "license": "SEE LICENSE IN LICENSE.md",
      "os": [
        "win32"
      ]
    }
  }
}
